
Microsoft Visual Studio Solution File, Format Version 12.00
# Visual Studio 15
VisualStudioVersion = 15.0.28307.271
MinimumVisualStudioVersion = 10.0.40219.1
Project("{FAE04EC0-301F-11D3-BF4B-00C04F79EFBC}") = "Sort-arr", "Sort-arr\Sort-arr.csproj", "{817CDC95-83A8-4D04-848A-E014F2438D07}"
EndProject
Global
	GlobalSection(SolutionConfigurationPlatforms) = preSolution
		Debug|Any CPU = Debug|Any CPU
		Release|Any CPU = Release|Any CPU
	EndGlobalSection
	GlobalSection(ProjectConfigurationPlatforms) = postSolution
		{817CDC95-83A8-4D04-848A-E014F2438D07}.Debug|Any CPU.ActiveCfg = Debug|Any CPU
		{817CDC95-83A8-4D04-848A-E014F2438D07}.Debug|Any CPU.Build.0 = Debug|Any CPU
		{817CDC95-83A8-4D04-848A-E014F2438D07}.Release|Any CPU.ActiveCfg = Release|Any CPU
		{817CDC95-83A8-4D04-848A-E014F2438D07}.Release|Any CPU.Build.0 = Release|Any CPU
	EndGlobalSection
	GlobalSection(SolutionProperties) = preSolution
		HideSolutionNode = FALSE
	EndGlobalSection
	GlobalSection(ExtensibilityGlobals) = postSolution
		SolutionGuid = {31EAFA73-B904-4EC0-B78E-EB270F9481E8}
	EndGlobalSection
EndGlobal
